Microsoft Visual Studio Solution File, Format Version 12.00
# Visual Studio Version 16
VisualStudioVersion = 16.0.30204.135
MinimumVisualStudioVersion = 10.0.40219.1
Project("{2150E333-8FDC-42A3-9474-1A3956D46DE8}") = "Tests", "Tests", "{9CE9F5DD-3E74-4FAC-B310-C3A1FE440E96}"
EndProject
Project("{9A19103F-16F7-4668-BE54-9A1E7A4F7556}") = "OPM.Queries.API", "OnlineProfileManagement\OPM.Queries.API\OPM.Queries.API.csproj", "{2CB5322B-9B41-4438-9F62-94D41CF1537D}"
EndProject
Project("{9A19103F-16F7-4668-BE54-9A1E7A4F7556}") = "OPM.Commands.API", "OnlineProfileManagement\OPM.Commands.API\OPM.Commands.API.csproj", "{296D7ED7-5D64-4421-8C2C-891F01CC76AF}"
EndProject
Project("{9A19103F-16F7-4668-BE54-9A1E7A4F7556}") = "OPM.Domain", "OnlineProfileManagement\OPM.Domain\OPM.Domain.csproj", "{976AB8E3-B1A1-4676-9702-81CF3F2F049F}"
EndProject
Project("{9A19103F-16F7-4668-BE54-9A1E7A4F7556}") = "OPM.Infrastructure", "OnlineProfileManagement\OPM.Infrastructure\OPM.Infrastructure.csproj", "{9AE41675-3A2A-4561-89B1-91B7079E58E5}"
EndProject
Project("{9A19103F-16F7-4668-BE54-9A1E7A4F7556}") = "MMS.EventBusRabbitMQ", "MMS.EventBus\MMS.EventBus\EventBusRabbitMQ\MMS.EventBusRabbitMQ.csproj", "{2C0E6FBC-5600-4F44-8491-9F00C3F1D371}"
EndProject
Project("{9A19103F-16F7-4668-BE54-9A1E7A4F7556}") = "MMS.EventBus", "MMS.EventBus\MMS.EventBus\EventBus\MMS.EventBus.csproj", "{7CC7CD51-D808-4F62-A818-000EFEE2852E}"
EndProject
Project("{9A19103F-16F7-4668-BE54-9A1E7A4F7556}") = "OnlineNotificationProcessor", "OnlineNotificationProcessor\OnlineNotificationProcessor\OnlineNotificationProcessor.csproj", "{46D97719-6A18-4C00-AB3B-AF0F7F6EC554}"
EndProject
Project("{2150E333-8FDC-42A3-9474-1A3956D46DE8}") = "EventBus", "EventBus", "{5CA73F30-AEF6-4AAD-A628-0429926417D6}"
EndProject
Project("{2150E333-8FDC-42A3-9474-1A3956D46DE8}") = "TemplateManagementService", "TemplateManagementService", "{7B7ECDD5-B94A-4DA5-8FB2-28BFE625C56F}"
EndProject
Project("{6EC3EE1D-3C4E-46DD-8F32-0CC8E7565705}") = "OTM.Queries.API", "OnlineTemplatesManagement\OTM.Queries.API\OTM.Queries.API.fsproj", "{7BA977E9-0B2D-4B7F-924B-D5BB6BE69E95}"
EndProject
Project("{6EC3EE1D-3C4E-46DD-8F32-0CC8E7565705}") = "OTM.Commands.API", "OnlineTemplatesManagement\OTM.Commands.API\OTM.Commands.API.fsproj", "{BA9A02C1-666A-46C6-960A-202C7F9032DF}"
EndProject
Project("{9A19103F-16F7-4668-BE54-9A1E7A4F7556}") = "OTM.Domain", "OnlineTemplatesManagement\OTM.Domain\OTM.Domain.csproj", "{BC0E32E0-23E0-42BA-9752-C9AB4A47F66C}"
EndProject
Project("{9A19103F-16F7-4668-BE54-9A1E7A4F7556}") = "OTM.Infrastructure", "OnlineTemplatesManagement\OTM.Infrastructure\OTM.Infrastructure.csproj", "{75B26090-3DF3-4582-A98E-687F555FF2A3}"
EndProject
Project("{9A19103F-16F7-4668-BE54-9A1E7A4F7556}") = "MMS.IntegrationEventLogEF", "MMS.EventBus\MMS.EventBus\IntegrationEventLogEF\MMS.IntegrationEventLogEF.csproj", "{92ACAE5D-2973-4E28-B907-389E5FD82914}"
EndProject
Project("{2150E333-8FDC-42A3-9474-1A3956D46DE8}") = "Notification", "Notification", "{DCAEC52C-DFA5-48A0-9861-23B56F5CF7F9}"
EndProject
Project("{9A19103F-16F7-4668-BE54-9A1E7A4F7556}") = "NotificationProcessor.API", "OnlineNotificationProcessor\NotificationProcessor.API\NotificationProcessor.API.csproj", "{2EFCCE5D-6F4E-453A-95B2-AE41EA052803}"
EndProject
Project("{9A19103F-16F7-4668-BE54-9A1E7A4F7556}") = "Domain", "Domain\Domain.csproj", "{4E5B400C-3163-4E44-85F2-0D474A24E104}"
EndProject
Project("{FAE04EC0-301F-11D3-BF4B-00C04F79EFBC}") = "Infrastructure", "Infrastructure\Infrastructure.csproj", "{85519ED0-8A16-4DF1-BC06-7D5A0E0E96B5}"
EndProject
Global
	GlobalSection(SolutionConfigurationPlatforms) = preSolution
		Debug|Any CPU = Debug|Any CPU
		Debug|ARM = Debug|ARM
		Debug|ARM64 = Debug|ARM64
		Debug|x64 = Debug|x64
		Debug|x86 = Debug|x86
		Release|Any CPU = Release|Any CPU
		Release|ARM = Release|ARM
		Release|ARM64 = Release|ARM64
		Release|x64 = Release|x64
		Release|x86 = Release|x86
	EndGlobalSection
	GlobalSection(ProjectConfigurationPlatforms) = postSolution
		{2CB5322B-9B41-4438-9F62-94D41CF1537D}.Debug|Any CPU.ActiveCfg = Debug|Any CPU
		{2CB5322B-9B41-4438-9F62-94D41CF1537D}.Debug|Any CPU.Build.0 = Debug|Any CPU
		{2CB5322B-9B41-4438-9F62-94D41CF1537D}.Debug|ARM.ActiveCfg = Debug|Any CPU
		{2CB5322B-9B41-4438-9F62-94D41CF1537D}.Debug|ARM.Build.0 = Debug|Any CPU
		{2CB5322B-9B41-4438-9F62-94D41CF1537D}.Debug|ARM64.ActiveCfg = Debug|Any CPU
		{2CB5322B-9B41-4438-9F62-94D41CF1537D}.Debug|ARM64.Build.0 = Debug|Any CPU
		{2CB5322B-9B41-4438-9F62-94D41CF1537D}.Debug|x64.ActiveCfg = Debug|Any CPU
		{2CB5322B-9B41-4438-9F62-94D41CF1537D}.Debug|x64.Build.0 = Debug|Any CPU
		{2CB5322B-9B41-4438-9F62-94D41CF1537D}.Debug|x86.ActiveCfg = Debug|Any CPU
		{2CB5322B-9B41-4438-9F62-94D41CF1537D}.Debug|x86.Build.0 = Debug|Any CPU
		{2CB5322B-9B41-4438-9F62-94D41CF1537D}.Release|Any CPU.ActiveCfg = Release|Any CPU
		{2CB5322B-9B41-4438-9F62-94D41CF1537D}.Release|Any CPU.Build.0 = Release|Any CPU
		{2CB5322B-9B41-4438-9F62-94D41CF1537D}.Release|ARM.ActiveCfg = Release|Any CPU
		{2CB5322B-9B41-4438-9F62-94D41CF1537D}.Release|ARM.Build.0 = Release|Any CPU
		{2CB5322B-9B41-4438-9F62-94D41CF1537D}.Release|ARM64.ActiveCfg = Release|Any CPU
		{2CB5322B-9B41-4438-9F62-94D41CF1537D}.Release|ARM64.Build.0 = Release|Any CPU
		{2CB5322B-9B41-4438-9F62-94D41CF1537D}.Release|x64.ActiveCfg = Release|Any CPU
		{2CB5322B-9B41-4438-9F62-94D41CF1537D}.Release|x64.Build.0 = Release|Any CPU
		{2CB5322B-9B41-4438-9F62-94D41CF1537D}.Release|x86.ActiveCfg = Release|Any CPU
		{2CB5322B-9B41-4438-9F62-94D41CF1537D}.Release|x86.Build.0 = Release|Any CPU
		{296D7ED7-5D64-4421-8C2C-891F01CC76AF}.Debug|Any CPU.ActiveCfg = Debug|Any CPU
		{296D7ED7-5D64-4421-8C2C-891F01CC76AF}.Debug|Any CPU.Build.0 = Debug|Any CPU
		{296D7ED7-5D64-4421-8C2C-891F01CC76AF}.Debug|ARM.ActiveCfg = Debug|Any CPU
		{296D7ED7-5D64-4421-8C2C-891F01CC76AF}.Debug|ARM.Build.0 = Debug|Any CPU
		{296D7ED7-5D64-4421-8C2C-891F01CC76AF}.Debug|ARM64.ActiveCfg = Debug|Any CPU
		{296D7ED7-5D64-4421-8C2C-891F01CC76AF}.Debug|ARM64.Build.0 = Debug|Any CPU
		{296D7ED7-5D64-4421-8C2C-891F01CC76AF}.Debug|x64.ActiveCfg = Debug|Any CPU
		{296D7ED7-5D64-4421-8C2C-891F01CC76AF}.Debug|x64.Build.0 = Debug|Any CPU
		{296D7ED7-5D64-4421-8C2C-891F01CC76AF}.Debug|x86.ActiveCfg = Debug|Any CPU
		{296D7ED7-5D64-4421-8C2C-891F01CC76AF}.Debug|x86.Build.0 = Debug|Any CPU
		{296D7ED7-5D64-4421-8C2C-891F01CC76AF}.Release|Any CPU.ActiveCfg = Release|Any CPU
		{296D7ED7-5D64-4421-8C2C-891F01CC76AF}.Release|Any CPU.Build.0 = Release|Any CPU
		{296D7ED7-5D64-4421-8C2C-891F01CC76AF}.Release|ARM.ActiveCfg = Release|Any CPU
		{296D7ED7-5D64-4421-8C2C-891F01CC76AF}.Release|ARM.Build.0 = Release|Any CPU
		{296D7ED7-5D64-4421-8C2C-891F01CC76AF}.Release|ARM64.ActiveCfg = Release|Any CPU
		{296D7ED7-5D64-4421-8C2C-891F01CC76AF}.Release|ARM64.Build.0 = Release|Any CPU
		{296D7ED7-5D64-4421-8C2C-891F01CC76AF}.Release|x64.ActiveCfg = Release|Any CPU
		{296D7ED7-5D64-4421-8C2C-891F01CC76AF}.Release|x64.Build.0 = Release|Any CPU
		{296D7ED7-5D64-4421-8C2C-891F01CC76AF}.Release|x86.ActiveCfg = Release|Any CPU
		{296D7ED7-5D64-4421-8C2C-891F01CC76AF}.Release|x86.Build.0 = Release|Any CPU
		{976AB8E3-B1A1-4676-9702-81CF3F2F049F}.Debug|Any CPU.ActiveCfg = Debug|Any CPU
		{976AB8E3-B1A1-4676-9702-81CF3F2F049F}.Debug|Any CPU.Build.0 = Debug|Any CPU
		{976AB8E3-B1A1-4676-9702-81CF3F2F049F}.Debug|ARM.ActiveCfg = Debug|Any CPU
		{976AB8E3-B1A1-4676-9702-81CF3F2F049F}.Debug|ARM.Build.0 = Debug|Any CPU
		{976AB8E3-B1A1-4676-9702-81CF3F2F049F}.Debug|ARM64.ActiveCfg = Debug|Any CPU
		{976AB8E3-B1A1-4676-9702-81CF3F2F049F}.Debug|ARM64.Build.0 = Debug|Any CPU
		{976AB8E3-B1A1-4676-9702-81CF3F2F049F}.Debug|x64.ActiveCfg = Debug|Any CPU
		{976AB8E3-B1A1-4676-9702-81CF3F2F049F}.Debug|x64.Build.0 = Debug|Any CPU
		{976AB8E3-B1A1-4676-9702-81CF3F2F049F}.Debug|x86.ActiveCfg = Debug|Any CPU
		{976AB8E3-B1A1-4676-9702-81CF3F2F049F}.Debug|x86.Build.0 = Debug|Any CPU
		{976AB8E3-B1A1-4676-9702-81CF3F2F049F}.Release|Any CPU.ActiveCfg = Release|Any CPU
		{976AB8E3-B1A1-4676-9702-81CF3F2F049F}.Release|Any CPU.Build.0 = Release|Any CPU
		{976AB8E3-B1A1-4676-9702-81CF3F2F049F}.Release|ARM.ActiveCfg = Release|Any CPU
		{976AB8E3-B1A1-4676-9702-81CF3F2F049F}.Release|ARM.Build.0 = Release|Any CPU
		{976AB8E3-B1A1-4676-9702-81CF3F2F049F}.Release|ARM64.ActiveCfg = Release|Any CPU
		{976AB8E3-B1A1-4676-9702-81CF3F2F049F}.Release|ARM64.Build.0 = Release|Any CPU
		{976AB8E3-B1A1-4676-9702-81CF3F2F049F}.Release|x64.ActiveCfg = Release|Any CPU
		{976AB8E3-B1A1-4676-9702-81CF3F2F049F}.Release|x64.Build.0 = Release|Any CPU
		{976AB8E3-B1A1-4676-9702-81CF3F2F049F}.Release|x86.ActiveCfg = Release|Any CPU
		{976AB8E3-B1A1-4676-9702-81CF3F2F049F}.Release|x86.Build.0 = Release|Any CPU
		{9AE41675-3A2A-4561-89B1-91B7079E58E5}.Debug|Any CPU.ActiveCfg = Debug|Any CPU
		{9AE41675-3A2A-4561-89B1-91B7079E58E5}.Debug|Any CPU.Build.0 = Debug|Any CPU
		{9AE41675-3A2A-4561-89B1-91B7079E58E5}.Debug|ARM.ActiveCfg = Debug|Any CPU
		{9AE41675-3A2A-4561-89B1-91B7079E58E5}.Debug|ARM.Build.0 = Debug|Any CPU
		{9AE41675-3A2A-4561-89B1-91B7079E58E5}.Debug|ARM64.ActiveCfg = Debug|Any CPU
		{9AE41675-3A2A-4561-89B1-91B7079E58E5}.Debug|ARM64.Build.0 = Debug|Any CPU
		{9AE41675-3A2A-4561-89B1-91B7079E58E5}.Debug|x64.ActiveCfg = Debug|Any CPU
		{9AE41675-3A2A-4561-89B1-91B7079E58E5}.Debug|x64.Build.0 = Debug|Any CPU
		{9AE41675-3A2A-4561-89B1-91B7079E58E5}.Debug|x86.ActiveCfg = Debug|Any CPU
		{9AE41675-3A2A-4561-89B1-91B7079E58E5}.Debug|x86.Build.0 = Debug|Any CPU
		{9AE41675-3A2A-4561-89B1-91B7079E58E5}.Release|Any CPU.ActiveCfg = Release|Any CPU
		{9AE41675-3A2A-4561-89B1-91B7079E58E5}.Release|Any CPU.Build.0 = Release|Any CPU
		{9AE41675-3A2A-4561-89B1-91B7079E58E5}.Release|ARM.ActiveCfg = Release|Any CPU
		{9AE41675-3A2A-4561-89B1-91B7079E58E5}.Release|ARM.Build.0 = Release|Any CPU
		{9AE41675-3A2A-4561-89B1-91B7079E58E5}.Release|ARM64.ActiveCfg = Release|Any CPU
		{9AE41675-3A2A-4561-89B1-91B7079E58E5}.Release|ARM64.Build.0 = Release|Any CPU
		{9AE41675-3A2A-4561-89B1-91B7079E58E5}.Release|x64.ActiveCfg = Release|Any CPU
		{9AE41675-3A2A-4561-89B1-91B7079E58E5}.Release|x64.Build.0 = Release|Any CPU
		{9AE41675-3A2A-4561-89B1-91B7079E58E5}.Release|x86.ActiveCfg = Release|Any CPU
		{9AE41675-3A2A-4561-89B1-91B7079E58E5}.Release|x86.Build.0 = Release|Any CPU
		{2C0E6FBC-5600-4F44-8491-9F00C3F1D371}.Debug|Any CPU.ActiveCfg = Debug|Any CPU
		{2C0E6FBC-5600-4F44-8491-9F00C3F1D371}.Debug|Any CPU.Build.0 = Debug|Any CPU
		{2C0E6FBC-5600-4F44-8491-9F00C3F1D371}.Debug|ARM.ActiveCfg = Debug|Any CPU
		{2C0E6FBC-5600-4F44-8491-9F00C3F1D371}.Debug|ARM.Build.0 = Debug|Any CPU
		{2C0E6FBC-5600-4F44-8491-9F00C3F1D371}.Debug|ARM64.ActiveCfg = Debug|Any CPU
		{2C0E6FBC-5600-4F44-8491-9F00C3F1D371}.Debug|ARM64.Build.0 = Debug|Any CPU
		{2C0E6FBC-5600-4F44-8491-9F00C3F1D371}.Debug|x64.ActiveCfg = Debug|Any CPU
		{2C0E6FBC-5600-4F44-8491-9F00C3F1D371}.Debug|x64.Build.0 = Debug|Any CPU
		{2C0E6FBC-5600-4F44-8491-9F00C3F1D371}.Debug|x86.ActiveCfg = Debug|Any CPU
		{2C0E6FBC-5600-4F44-8491-9F00C3F1D371}.Debug|x86.Build.0 = Debug|Any CPU
		{2C0E6FBC-5600-4F44-8491-9F00C3F1D371}.Release|Any CPU.ActiveCfg = Release|Any CPU
		{2C0E6FBC-5600-4F44-8491-9F00C3F1D371}.Release|Any CPU.Build.0 = Release|Any CPU
		{2C0E6FBC-5600-4F44-8491-9F00C3F1D371}.Release|ARM.ActiveCfg = Release|Any CPU
		{2C0E6FBC-5600-4F44-8491-9F00C3F1D371}.Release|ARM.Build.0 = Release|Any CPU
		{2C0E6FBC-5600-4F44-8491-9F00C3F1D371}.Release|ARM64.ActiveCfg = Release|Any CPU
		{2C0E6FBC-5600-4F44-8491-9F00C3F1D371}.Release|ARM64.Build.0 = Release|Any CPU
		{2C0E6FBC-5600-4F44-8491-9F00C3F1D371}.Release|x64.ActiveCfg = Release|Any CPU
		{2C0E6FBC-5600-4F44-8491-9F00C3F1D371}.Release|x64.Build.0 = Release|Any CPU
		{2C0E6FBC-5600-4F44-8491-9F00C3F1D371}.Release|x86.ActiveCfg = Release|Any CPU
		{2C0E6FBC-5600-4F44-8491-9F00C3F1D371}.Release|x86.Build.0 = Release|Any CPU
		{7CC7CD51-D808-4F62-A818-000EFEE2852E}.Debug|Any CPU.ActiveCfg = Debug|Any CPU
		{7CC7CD51-D808-4F62-A818-000EFEE2852E}.Debug|Any CPU.Build.0 = Debug|Any CPU
		{7CC7CD51-D808-4F62-A818-000EFEE2852E}.Debug|ARM.ActiveCfg = Debug|Any CPU
		{7CC7CD51-D808-4F62-A818-000EFEE2852E}.Debug|ARM.Build.0 = Debug|Any CPU
		{7CC7CD51-D808-4F62-A818-000EFEE2852E}.Debug|ARM64.ActiveCfg = Debug|Any CPU
		{7CC7CD51-D808-4F62-A818-000EFEE2852E}.Debug|ARM64.Build.0 = Debug|Any CPU
		{7CC7CD51-D808-4F62-A818-000EFEE2852E}.Debug|x64.ActiveCfg = Debug|Any CPU
		{7CC7CD51-D808-4F62-A818-000EFEE2852E}.Debug|x64.Build.0 = Debug|Any CPU
		{7CC7CD51-D808-4F62-A818-000EFEE2852E}.Debug|x86.ActiveCfg = Debug|Any CPU
		{7CC7CD51-D808-4F62-A818-000EFEE2852E}.Debug|x86.Build.0 = Debug|Any CPU
		{7CC7CD51-D808-4F62-A818-000EFEE2852E}.Release|Any CPU.ActiveCfg = Release|Any CPU
		{7CC7CD51-D808-4F62-A818-000EFEE2852E}.Release|Any CPU.Build.0 = Release|Any CPU
		{7CC7CD51-D808-4F62-A818-000EFEE2852E}.Release|ARM.ActiveCfg = Release|Any CPU
		{7CC7CD51-D808-4F62-A818-000EFEE2852E}.Release|ARM.Build.0 = Release|Any CPU
		{7CC7CD51-D808-4F62-A818-000EFEE2852E}.Release|ARM64.ActiveCfg = Release|Any CPU
		{7CC7CD51-D808-4F62-A818-000EFEE2852E}.Release|ARM64.Build.0 = Release|Any CPU
		{7CC7CD51-D808-4F62-A818-000EFEE2852E}.Release|x64.ActiveCfg = Release|Any CPU
		{7CC7CD51-D808-4F62-A818-000EFEE2852E}.Release|x64.Build.0 = Release|Any CPU
		{7CC7CD51-D808-4F62-A818-000EFEE2852E}.Release|x86.ActiveCfg = Release|Any CPU
		{7CC7CD51-D808-4F62-A818-000EFEE2852E}.Release|x86.Build.0 = Release|Any CPU
		{46D97719-6A18-4C00-AB3B-AF0F7F6EC554}.Debug|Any CPU.ActiveCfg = Debug|Any CPU
		{46D97719-6A18-4C00-AB3B-AF0F7F6EC554}.Debug|Any CPU.Build.0 = Debug|Any CPU
		{46D97719-6A18-4C00-AB3B-AF0F7F6EC554}.Debug|ARM.ActiveCfg = Debug|Any CPU
		{46D97719-6A18-4C00-AB3B-AF0F7F6EC554}.Debug|ARM.Build.0 = Debug|Any CPU
		{46D97719-6A18-4C00-AB3B-AF0F7F6EC554}.Debug|ARM64.ActiveCfg = Debug|Any CPU
		{46D97719-6A18-4C00-AB3B-AF0F7F6EC554}.Debug|ARM64.Build.0 = Debug|Any CPU
		{46D97719-6A18-4C00-AB3B-AF0F7F6EC554}.Debug|x64.ActiveCfg = Debug|Any CPU
		{46D97719-6A18-4C00-AB3B-AF0F7F6EC554}.Debug|x64.Build.0 = Debug|Any CPU
		{46D97719-6A18-4C00-AB3B-AF0F7F6EC554}.Debug|x86.ActiveCfg = Debug|Any CPU
		{46D97719-6A18-4C00-AB3B-AF0F7F6EC554}.Debug|x86.Build.0 = Debug|Any CPU
		{46D97719-6A18-4C00-AB3B-AF0F7F6EC554}.Release|Any CPU.ActiveCfg = Release|Any CPU
		{46D97719-6A18-4C00-AB3B-AF0F7F6EC554}.Release|Any CPU.Build.0 = Release|Any CPU
		{46D97719-6A18-4C00-AB3B-AF0F7F6EC554}.Release|ARM.ActiveCfg = Release|Any CPU
		{46D97719-6A18-4C00-AB3B-AF0F7F6EC554}.Release|ARM.Build.0 = Release|Any CPU
		{46D97719-6A18-4C00-AB3B-AF0F7F6EC554}.Release|ARM64.ActiveCfg = Release|Any CPU
		{46D97719-6A18-4C00-AB3B-AF0F7F6EC554}.Release|ARM64.Build.0 = Release|Any CPU
		{46D97719-6A18-4C00-AB3B-AF0F7F6EC554}.Release|x64.ActiveCfg = Release|Any CPU
		{46D97719-6A18-4C00-AB3B-AF0F7F6EC554}.Release|x64.Build.0 = Release|Any CPU
		{46D97719-6A18-4C00-AB3B-AF0F7F6EC554}.Release|x86.ActiveCfg = Release|Any CPU
		{46D97719-6A18-4C00-AB3B-AF0F7F6EC554}.Release|x86.Build.0 = Release|Any CPU
		{7BA977E9-0B2D-4B7F-924B-D5BB6BE69E95}.Debug|Any CPU.ActiveCfg = Debug|Any CPU
		{7BA977E9-0B2D-4B7F-924B-D5BB6BE69E95}.Debug|Any CPU.Build.0 = Debug|Any CPU
		{7BA977E9-0B2D-4B7F-924B-D5BB6BE69E95}.Debug|ARM.ActiveCfg = Debug|Any CPU
		{7BA977E9-0B2D-4B7F-924B-D5BB6BE69E95}.Debug|ARM.Build.0 = Debug|Any CPU
		{7BA977E9-0B2D-4B7F-924B-D5BB6BE69E95}.Debug|ARM64.ActiveCfg = Debug|Any CPU
		{7BA977E9-0B2D-4B7F-924B-D5BB6BE69E95}.Debug|ARM64.Build.0 = Debug|Any CPU
		{7BA977E9-0B2D-4B7F-924B-D5BB6BE69E95}.Debug|x64.ActiveCfg = Debug|Any CPU
		{7BA977E9-0B2D-4B7F-924B-D5BB6BE69E95}.Debug|x64.Build.0 = Debug|Any CPU
		{7BA977E9-0B2D-4B7F-924B-D5BB6BE69E95}.Debug|x86.ActiveCfg = Debug|Any CPU
		{7BA977E9-0B2D-4B7F-924B-D5BB6BE69E95}.Debug|x86.Build.0 = Debug|Any CPU
		{7BA977E9-0B2D-4B7F-924B-D5BB6BE69E95}.Release|Any CPU.ActiveCfg = Release|Any CPU
		{7BA977E9-0B2D-4B7F-924B-D5BB6BE69E95}.Release|Any CPU.Build.0 = Release|Any CPU
		{7BA977E9-0B2D-4B7F-924B-D5BB6BE69E95}.Release|ARM.ActiveCfg = Release|Any CPU
		{7BA977E9-0B2D-4B7F-924B-D5BB6BE69E95}.Release|ARM.Build.0 = Release|Any CPU
		{7BA977E9-0B2D-4B7F-924B-D5BB6BE69E95}.Release|ARM64.ActiveCfg = Release|Any CPU
		{7BA977E9-0B2D-4B7F-924B-D5BB6BE69E95}.Release|ARM64.Build.0 = Release|Any CPU
		{7BA977E9-0B2D-4B7F-924B-D5BB6BE69E95}.Release|x64.ActiveCfg = Release|Any CPU
		{7BA977E9-0B2D-4B7F-924B-D5BB6BE69E95}.Release|x64.Build.0 = Release|Any CPU
		{7BA977E9-0B2D-4B7F-924B-D5BB6BE69E95}.Release|x86.ActiveCfg = Release|Any CPU
		{7BA977E9-0B2D-4B7F-924B-D5BB6BE69E95}.Release|x86.Build.0 = Release|Any CPU
		{BA9A02C1-666A-46C6-960A-202C7F9032DF}.Debug|Any CPU.ActiveCfg = Debug|Any CPU
		{BA9A02C1-666A-46C6-960A-202C7F9032DF}.Debug|Any CPU.Build.0 = Debug|Any CPU
		{BA9A02C1-666A-46C6-960A-202C7F9032DF}.Debug|ARM.ActiveCfg = Debug|Any CPU
		{BA9A02C1-666A-46C6-960A-202C7F9032DF}.Debug|ARM.Build.0 = Debug|Any CPU
		{BA9A02C1-666A-46C6-960A-202C7F9032DF}.Debug|ARM64.ActiveCfg = Debug|Any CPU
		{BA9A02C1-666A-46C6-960A-202C7F9032DF}.Debug|ARM64.Build.0 = Debug|Any CPU
		{BA9A02C1-666A-46C6-960A-202C7F9032DF}.Debug|x64.ActiveCfg = Debug|Any CPU
		{BA9A02C1-666A-46C6-960A-202C7F9032DF}.Debug|x64.Build.0 = Debug|Any CPU
		{BA9A02C1-666A-46C6-960A-202C7F9032DF}.Debug|x86.ActiveCfg = Debug|Any CPU
		{BA9A02C1-666A-46C6-960A-202C7F9032DF}.Debug|x86.Build.0 = Debug|Any CPU
		{BA9A02C1-666A-46C6-960A-202C7F9032DF}.Release|Any CPU.ActiveCfg = Release|Any CPU
		{BA9A02C1-666A-46C6-960A-202C7F9032DF}.Release|Any CPU.Build.0 = Release|Any CPU
		{BA9A02C1-666A-46C6-960A-202C7F9032DF}.Release|ARM.ActiveCfg = Release|Any CPU
		{BA9A02C1-666A-46C6-960A-202C7F9032DF}.Release|ARM.Build.0 = Release|Any CPU
		{BA9A02C1-666A-46C6-960A-202C7F9032DF}.Release|ARM64.ActiveCfg = Release|Any CPU
		{BA9A02C1-666A-46C6-960A-202C7F9032DF}.Release|ARM64.Build.0 = Release|Any CPU
		{BA9A02C1-666A-46C6-960A-202C7F9032DF}.Release|x64.ActiveCfg = Release|Any CPU
		{BA9A02C1-666A-46C6-960A-202C7F9032DF}.Release|x64.Build.0 = Release|Any CPU
		{BA9A02C1-666A-46C6-960A-202C7F9032DF}.Release|x86.ActiveCfg = Release|Any CPU
		{BA9A02C1-666A-46C6-960A-202C7F9032DF}.Release|x86.Build.0 = Release|Any CPU
		{BC0E32E0-23E0-42BA-9752-C9AB4A47F66C}.Debug|Any CPU.ActiveCfg = Debug|Any CPU
		{BC0E32E0-23E0-42BA-9752-C9AB4A47F66C}.Debug|Any CPU.Build.0 = Debug|Any CPU
		{BC0E32E0-23E0-42BA-9752-C9AB4A47F66C}.Debug|ARM.ActiveCfg = Debug|Any CPU
		{BC0E32E0-23E0-42BA-9752-C9AB4A47F66C}.Debug|ARM.Build.0 = Debug|Any CPU
		{BC0E32E0-23E0-42BA-9752-C9AB4A47F66C}.Debug|ARM64.ActiveCfg = Debug|Any CPU
		{BC0E32E0-23E0-42BA-9752-C9AB4A47F66C}.Debug|ARM64.Build.0 = Debug|Any CPU
		{BC0E32E0-23E0-42BA-9752-C9AB4A47F66C}.Debug|x64.ActiveCfg = Debug|Any CPU
		{BC0E32E0-23E0-42BA-9752-C9AB4A47F66C}.Debug|x64.Build.0 = Debug|Any CPU
		{BC0E32E0-23E0-42BA-9752-C9AB4A47F66C}.Debug|x86.ActiveCfg = Debug|Any CPU
		{BC0E32E0-23E0-42BA-9752-C9AB4A47F66C}.Debug|x86.Build.0 = Debug|Any CPU
		{BC0E32E0-23E0-42BA-9752-C9AB4A47F66C}.Release|Any CPU.ActiveCfg = Release|Any CPU
		{BC0E32E0-23E0-42BA-9752-C9AB4A47F66C}.Release|Any CPU.Build.0 = Release|Any CPU
		{BC0E32E0-23E0-42BA-9752-C9AB4A47F66C}.Release|ARM.ActiveCfg = Release|Any CPU
		{BC0E32E0-23E0-42BA-9752-C9AB4A47F66C}.Release|ARM.Build.0 = Release|Any CPU
		{BC0E32E0-23E0-42BA-9752-C9AB4A47F66C}.Release|ARM64.ActiveCfg = Release|Any CPU
		{BC0E32E0-23E0-42BA-9752-C9AB4A47F66C}.Release|ARM64.Build.0 = Release|Any CPU
		{BC0E32E0-23E0-42BA-9752-C9AB4A47F66C}.Release|x64.ActiveCfg = Release|Any CPU
		{BC0E32E0-23E0-42BA-9752-C9AB4A47F66C}.Release|x64.Build.0 = Release|Any CPU
		{BC0E32E0-23E0-42BA-9752-C9AB4A47F66C}.Release|x86.ActiveCfg = Release|Any CPU
		{BC0E32E0-23E0-42BA-9752-C9AB4A47F66C}.Release|x86.Build.0 = Release|Any CPU
		{75B26090-3DF3-4582-A98E-687F555FF2A3}.Debug|Any CPU.ActiveCfg = Debug|Any CPU
		{75B26090-3DF3-4582-A98E-687F555FF2A3}.Debug|Any CPU.Build.0 = Debug|Any CPU
		{75B26090-3DF3-4582-A98E-687F555FF2A3}.Debug|ARM.ActiveCfg = Debug|Any CPU
		{75B26090-3DF3-4582-A98E-687F555FF2A3}.Debug|ARM.Build.0 = Debug|Any CPU
		{75B26090-3DF3-4582-A98E-687F555FF2A3}.Debug|ARM64.ActiveCfg = Debug|Any CPU
		{75B26090-3DF3-4582-A98E-687F555FF2A3}.Debug|ARM64.Build.0 = Debug|Any CPU
		{75B26090-3DF3-4582-A98E-687F555FF2A3}.Debug|x64.ActiveCfg = Debug|Any CPU
		{75B26090-3DF3-4582-A98E-687F555FF2A3}.Debug|x64.Build.0 = Debug|Any CPU
		{75B26090-3DF3-4582-A98E-687F555FF2A3}.Debug|x86.ActiveCfg = Debug|Any CPU
		{75B26090-3DF3-4582-A98E-687F555FF2A3}.Debug|x86.Build.0 = Debug|Any CPU
		{75B26090-3DF3-4582-A98E-687F555FF2A3}.Release|Any CPU.ActiveCfg = Release|Any CPU
		{75B26090-3DF3-4582-A98E-687F555FF2A3}.Release|Any CPU.Build.0 = Release|Any CPU
		{75B26090-3DF3-4582-A98E-687F555FF2A3}.Release|ARM.ActiveCfg = Release|Any CPU
		{75B26090-3DF3-4582-A98E-687F555FF2A3}.Release|ARM.Build.0 = Release|Any CPU
		{75B26090-3DF3-4582-A98E-687F555FF2A3}.Release|ARM64.ActiveCfg = Release|Any CPU
		{75B26090-3DF3-4582-A98E-687F555FF2A3}.Release|ARM64.Build.0 = Release|Any CPU
		{75B26090-3DF3-4582-A98E-687F555FF2A3}.Release|x64.ActiveCfg = Release|Any CPU
		{75B26090-3DF3-4582-A98E-687F555FF2A3}.Release|x64.Build.0 = Release|Any CPU
		{75B26090-3DF3-4582-A98E-687F555FF2A3}.Release|x86.ActiveCfg = Release|Any CPU
		{75B26090-3DF3-4582-A98E-687F555FF2A3}.Release|x86.Build.0 = Release|Any CPU
		{92ACAE5D-2973-4E28-B907-389E5FD82914}.Debug|Any CPU.ActiveCfg = Debug|Any CPU
		{92ACAE5D-2973-4E28-B907-389E5FD82914}.Debug|Any CPU.Build.0 = Debug|Any CPU
		{92ACAE5D-2973-4E28-B907-389E5FD82914}.Debug|ARM.ActiveCfg = Debug|Any CPU
		{92ACAE5D-2973-4E28-B907-389E5FD82914}.Debug|ARM.Build.0 = Debug|Any CPU
		{92ACAE5D-2973-4E28-B907-389E5FD82914}.Debug|ARM64.ActiveCfg = Debug|Any CPU
		{92ACAE5D-2973-4E28-B907-389E5FD82914}.Debug|ARM64.Build.0 = Debug|Any CPU
		{92ACAE5D-2973-4E28-B907-389E5FD82914}.Debug|x64.ActiveCfg = Debug|Any CPU
		{92ACAE5D-2973-4E28-B907-389E5FD82914}.Debug|x64.Build.0 = Debug|Any CPU
		{92ACAE5D-2973-4E28-B907-389E5FD82914}.Debug|x86.ActiveCfg = Debug|Any CPU
		{92ACAE5D-2973-4E28-B907-389E5FD82914}.Debug|x86.Build.0 = Debug|Any CPU
		{92ACAE5D-2973-4E28-B907-389E5FD82914}.Release|Any CPU.ActiveCfg = Release|Any CPU
		{92ACAE5D-2973-4E28-B907-389E5FD82914}.Release|Any CPU.Build.0 = Release|Any CPU
		{92ACAE5D-2973-4E28-B907-389E5FD82914}.Release|ARM.ActiveCfg = Release|Any CPU
		{92ACAE5D-2973-4E28-B907-389E5FD82914}.Release|ARM.Build.0 = Release|Any CPU
		{92ACAE5D-2973-4E28-B907-389E5FD82914}.Release|ARM64.ActiveCfg = Release|Any CPU
		{92ACAE5D-2973-4E28-B907-389E5FD82914}.Release|ARM64.Build.0 = Release|Any CPU
		{92ACAE5D-2973-4E28-B907-389E5FD82914}.Release|x64.ActiveCfg = Release|Any CPU
		{92ACAE5D-2973-4E28-B907-389E5FD82914}.Release|x64.Build.0 = Release|Any CPU
		{92ACAE5D-2973-4E28-B907-389E5FD82914}.Release|x86.ActiveCfg = Release|Any CPU
		{92ACAE5D-2973-4E28-B907-389E5FD82914}.Release|x86.Build.0 = Release|Any CPU
		{2EFCCE5D-6F4E-453A-95B2-AE41EA052803}.Debug|Any CPU.ActiveCfg = Debug|Any CPU
		{2EFCCE5D-6F4E-453A-95B2-AE41EA052803}.Debug|Any CPU.Build.0 = Debug|Any CPU
		{2EFCCE5D-6F4E-453A-95B2-AE41EA052803}.Debug|ARM.ActiveCfg = Debug|Any CPU
		{2EFCCE5D-6F4E-453A-95B2-AE41EA052803}.Debug|ARM.Build.0 = Debug|Any CPU
		{2EFCCE5D-6F4E-453A-95B2-AE41EA052803}.Debug|ARM64.ActiveCfg = Debug|Any CPU
		{2EFCCE5D-6F4E-453A-95B2-AE41EA052803}.Debug|ARM64.Build.0 = Debug|Any CPU
		{2EFCCE5D-6F4E-453A-95B2-AE41EA052803}.Debug|x64.ActiveCfg = Debug|Any CPU
		{2EFCCE5D-6F4E-453A-95B2-AE41EA052803}.Debug|x64.Build.0 = Debug|Any CPU
		{2EFCCE5D-6F4E-453A-95B2-AE41EA052803}.Debug|x86.ActiveCfg = Debug|Any CPU
		{2EFCCE5D-6F4E-453A-95B2-AE41EA052803}.Debug|x86.Build.0 = Debug|Any CPU
		{2EFCCE5D-6F4E-453A-95B2-AE41EA052803}.Release|Any CPU.ActiveCfg = Release|Any CPU
		{2EFCCE5D-6F4E-453A-95B2-AE41EA052803}.Release|Any CPU.Build.0 = Release|Any CPU
		{2EFCCE5D-6F4E-453A-95B2-AE41EA052803}.Release|ARM.ActiveCfg = Release|Any CPU
		{2EFCCE5D-6F4E-453A-95B2-AE41EA052803}.Release|ARM.Build.0 = Release|Any CPU
		{2EFCCE5D-6F4E-453A-95B2-AE41EA052803}.Release|ARM64.ActiveCfg = Release|Any CPU
		{2EFCCE5D-6F4E-453A-95B2-AE41EA052803}.Release|ARM64.Build.0 = Release|Any CPU
		{2EFCCE5D-6F4E-453A-95B2-AE41EA052803}.Release|x64.ActiveCfg = Release|Any CPU
		{2EFCCE5D-6F4E-453A-95B2-AE41EA052803}.Release|x64.Build.0 = Release|Any CPU
		{2EFCCE5D-6F4E-453A-95B2-AE41EA052803}.Release|x86.ActiveCfg = Release|Any CPU
		{2EFCCE5D-6F4E-453A-95B2-AE41EA052803}.Release|x86.Build.0 = Release|Any CPU
		{4E5B400C-3163-4E44-85F2-0D474A24E104}.Debug|Any CPU.ActiveCfg = Debug|Any CPU
		{4E5B400C-3163-4E44-85F2-0D474A24E104}.Debug|Any CPU.Build.0 = Debug|Any CPU
		{4E5B400C-3163-4E44-85F2-0D474A24E104}.Debug|ARM.ActiveCfg = Debug|Any CPU
		{4E5B400C-3163-4E44-85F2-0D474A24E104}.Debug|ARM.Build.0 = Debug|Any CPU
		{4E5B400C-3163-4E44-85F2-0D474A24E104}.Debug|ARM64.ActiveCfg = Debug|Any CPU
		{4E5B400C-3163-4E44-85F2-0D474A24E104}.Debug|ARM64.Build.0 = Debug|Any CPU
		{4E5B400C-3163-4E44-85F2-0D474A24E104}.Debug|x64.ActiveCfg = Debug|Any CPU
		{4E5B400C-3163-4E44-85F2-0D474A24E104}.Debug|x64.Build.0 = Debug|Any CPU
		{4E5B400C-3163-4E44-85F2-0D474A24E104}.Debug|x86.ActiveCfg = Debug|Any CPU
		{4E5B400C-3163-4E44-85F2-0D474A24E104}.Debug|x86.Build.0 = Debug|Any CPU
		{4E5B400C-3163-4E44-85F2-0D474A24E104}.Release|Any CPU.ActiveCfg = Release|Any CPU
		{4E5B400C-3163-4E44-85F2-0D474A24E104}.Release|Any CPU.Build.0 = Release|Any CPU
		{4E5B400C-3163-4E44-85F2-0D474A24E104}.Release|ARM.ActiveCfg = Release|Any CPU
		{4E5B400C-3163-4E44-85F2-0D474A24E104}.Release|ARM.Build.0 = Release|Any CPU
		{4E5B400C-3163-4E44-85F2-0D474A24E104}.Release|ARM64.ActiveCfg = Release|Any CPU
		{4E5B400C-3163-4E44-85F2-0D474A24E104}.Release|ARM64.Build.0 = Release|Any CPU
		{4E5B400C-3163-4E44-85F2-0D474A24E104}.Release|x64.ActiveCfg = Release|Any CPU
		{4E5B400C-3163-4E44-85F2-0D474A24E104}.Release|x64.Build.0 = Release|Any CPU
		{4E5B400C-3163-4E44-85F2-0D474A24E104}.Release|x86.ActiveCfg = Release|Any CPU
		{4E5B400C-3163-4E44-85F2-0D474A24E104}.Release|x86.Build.0 = Release|Any CPU
		{85519ED0-8A16-4DF1-BC06-7D5A0E0E96B5}.Debug|Any CPU.ActiveCfg = Debug|Any CPU
		{85519ED0-8A16-4DF1-BC06-7D5A0E0E96B5}.Debug|Any CPU.Build.0 = Debug|Any CPU
		{85519ED0-8A16-4DF1-BC06-7D5A0E0E96B5}.Debug|ARM.ActiveCfg = Debug|Any CPU
		{85519ED0-8A16-4DF1-BC06-7D5A0E0E96B5}.Debug|ARM.Build.0 = Debug|Any CPU
		{85519ED0-8A16-4DF1-BC06-7D5A0E0E96B5}.Debug|ARM64.ActiveCfg = Debug|Any CPU
		{85519ED0-8A16-4DF1-BC06-7D5A0E0E96B5}.Debug|ARM64.Build.0 = Debug|Any CPU
		{85519ED0-8A16-4DF1-BC06-7D5A0E0E96B5}.Debug|x64.ActiveCfg = Debug|Any CPU
		{85519ED0-8A16-4DF1-BC06-7D5A0E0E96B5}.Debug|x64.Build.0 = Debug|Any CPU
		{85519ED0-8A16-4DF1-BC06-7D5A0E0E96B5}.Debug|x86.ActiveCfg = Debug|Any CPU
		{85519ED0-8A16-4DF1-BC06-7D5A0E0E96B5}.Debug|x86.Build.0 = Debug|Any CPU
		{85519ED0-8A16-4DF1-BC06-7D5A0E0E96B5}.Release|Any CPU.ActiveCfg = Release|Any CPU
		{85519ED0-8A16-4DF1-BC06-7D5A0E0E96B5}.Release|Any CPU.Build.0 = Release|Any CPU
		{85519ED0-8A16-4DF1-BC06-7D5A0E0E96B5}.Release|ARM.ActiveCfg = Release|Any CPU
		{85519ED0-8A16-4DF1-BC06-7D5A0E0E96B5}.Release|ARM.Build.0 = Release|Any CPU
		{85519ED0-8A16-4DF1-BC06-7D5A0E0E96B5}.Release|ARM64.ActiveCfg = Release|Any CPU
		{85519ED0-8A16-4DF1-BC06-7D5A0E0E96B5}.Release|ARM64.Build.0 = Release|Any CPU
		{85519ED0-8A16-4DF1-BC06-7D5A0E0E96B5}.Release|x64.ActiveCfg = Release|Any CPU
		{85519ED0-8A16-4DF1-BC06-7D5A0E0E96B5}.Release|x64.Build.0 = Release|Any CPU
		{85519ED0-8A16-4DF1-BC06-7D5A0E0E96B5}.Release|x86.ActiveCfg = Release|Any CPU
		{85519ED0-8A16-4DF1-BC06-7D5A0E0E96B5}.Release|x86.Build.0 = Release|Any CPU
	EndGlobalSection
	GlobalSection(SolutionProperties) = preSolution
		HideSolutionNode = FALSE
	EndGlobalSection
	GlobalSection(NestedProjects) = preSolution
		{2C0E6FBC-5600-4F44-8491-9F00C3F1D371} = {5CA73F30-AEF6-4AAD-A628-0429926417D6}
		{7CC7CD51-D808-4F62-A818-000EFEE2852E} = {5CA73F30-AEF6-4AAD-A628-0429926417D6}
		{46D97719-6A18-4C00-AB3B-AF0F7F6EC554} = {DCAEC52C-DFA5-48A0-9861-23B56F5CF7F9}
		{7BA977E9-0B2D-4B7F-924B-D5BB6BE69E95} = {7B7ECDD5-B94A-4DA5-8FB2-28BFE625C56F}
		{BA9A02C1-666A-46C6-960A-202C7F9032DF} = {7B7ECDD5-B94A-4DA5-8FB2-28BFE625C56F}
		{BC0E32E0-23E0-42BA-9752-C9AB4A47F66C} = {7B7ECDD5-B94A-4DA5-8FB2-28BFE625C56F}
		{75B26090-3DF3-4582-A98E-687F555FF2A3} = {7B7ECDD5-B94A-4DA5-8FB2-28BFE625C56F}
		{92ACAE5D-2973-4E28-B907-389E5FD82914} = {5CA73F30-AEF6-4AAD-A628-0429926417D6}
		{2EFCCE5D-6F4E-453A-95B2-AE41EA052803} = {DCAEC52C-DFA5-48A0-9861-23B56F5CF7F9}
		{4E5B400C-3163-4E44-85F2-0D474A24E104} = {DCAEC52C-DFA5-48A0-9861-23B56F5CF7F9}
		{85519ED0-8A16-4DF1-BC06-7D5A0E0E96B5} = {DCAEC52C-DFA5-48A0-9861-23B56F5CF7F9}
	EndGlobalSection
	GlobalSection(ExtensibilityGlobals) = postSolution
		SolutionGuid = {204E850E-1490-4709-AB19-1ABCC945388E}
	EndGlobalSection
EndGlobal
