
Microsoft Visual Studio Solution File, Format Version 12.00
# Visual Studio 15
Project("{2150E333-8FDC-42A3-9474-1A3956D46DE8}") = "Tests", "Tests", "{9CE9F5DD-3E74-4FAC-B310-C3A1FE440E96}"
EndProject
Project("{FAE04EC0-301F-11D3-BF4B-00C04F79EFBC}") = "OPM.Queries.API", "OPM.Queries.API\OPM.Queries.API.csproj", "{2CB5322B-9B41-4438-9F62-94D41CF1537D}"
EndProject
Project("{FAE04EC0-301F-11D3-BF4B-00C04F79EFBC}") = "OPM.Commands.API", "OPM.Commands.API\OPM.Commands.API.csproj", "{296D7ED7-5D64-4421-8C2C-891F01CC76AF}"
EndProject
Project("{FAE04EC0-301F-11D3-BF4B-00C04F79EFBC}") = "OPM.Domain", "OPM.Domain\OPM.Domain.csproj", "{976AB8E3-B1A1-4676-9702-81CF3F2F049F}"
EndProject
Project("{FAE04EC0-301F-11D3-BF4B-00C04F79EFBC}") = "OPM.Infrastructure", "OPM.Infrastructure\OPM.Infrastructure.csproj", "{9AE41675-3A2A-4561-89B1-91B7079E58E5}"
EndProject
Global
	GlobalSection(SolutionConfigurationPlatforms) = preSolution
		Debug|Any CPU = Debug|Any CPU
		Release|Any CPU = Release|Any CPU
	EndGlobalSection
	GlobalSection(ProjectConfigurationPlatforms) = postSolution
		{2CB5322B-9B41-4438-9F62-94D41CF1537D}.Debug|Any CPU.ActiveCfg = Debug|Any CPU
		{2CB5322B-9B41-4438-9F62-94D41CF1537D}.Debug|Any CPU.Build.0 = Debug|Any CPU
		{2CB5322B-9B41-4438-9F62-94D41CF1537D}.Release|Any CPU.ActiveCfg = Release|Any CPU
		{2CB5322B-9B41-4438-9F62-94D41CF1537D}.Release|Any CPU.Build.0 = Release|Any CPU
		{296D7ED7-5D64-4421-8C2C-891F01CC76AF}.Debug|Any CPU.ActiveCfg = Debug|Any CPU
		{296D7ED7-5D64-4421-8C2C-891F01CC76AF}.Debug|Any CPU.Build.0 = Debug|Any CPU
		{296D7ED7-5D64-4421-8C2C-891F01CC76AF}.Release|Any CPU.ActiveCfg = Release|Any CPU
		{296D7ED7-5D64-4421-8C2C-891F01CC76AF}.Release|Any CPU.Build.0 = Release|Any CPU
		{976AB8E3-B1A1-4676-9702-81CF3F2F049F}.Debug|Any CPU.ActiveCfg = Debug|Any CPU
		{976AB8E3-B1A1-4676-9702-81CF3F2F049F}.Debug|Any CPU.Build.0 = Debug|Any CPU
		{976AB8E3-B1A1-4676-9702-81CF3F2F049F}.Release|Any CPU.ActiveCfg = Release|Any CPU
		{976AB8E3-B1A1-4676-9702-81CF3F2F049F}.Release|Any CPU.Build.0 = Release|Any CPU
		{9AE41675-3A2A-4561-89B1-91B7079E58E5}.Debug|Any CPU.ActiveCfg = Debug|Any CPU
		{9AE41675-3A2A-4561-89B1-91B7079E58E5}.Debug|Any CPU.Build.0 = Debug|Any CPU
		{9AE41675-3A2A-4561-89B1-91B7079E58E5}.Release|Any CPU.ActiveCfg = Release|Any CPU
		{9AE41675-3A2A-4561-89B1-91B7079E58E5}.Release|Any CPU.Build.0 = Release|Any CPU
	EndGlobalSection
EndGlobal
